
Microsoft Visual Studio Solution File, Format Version 12.00
# Visual Studio Version 16
VisualStudioVersion = 16.0.31829.152
MinimumVisualStudioVersion = 10.0.40219.1
Project("{FAE04EC0-301F-11D3-BF4B-00C04F79EFBC}") = "ITCPAApi", "ITCPAApi.csproj", "{384C2255-EDE8-4A22-9592-35397B702E1F}"
EndProject
Global
	GlobalSection(SolutionConfigurationPlatforms) = preSolution
		Debug|Any CPU = Debug|Any CPU
		Release|Any CPU = Release|Any CPU
	EndGlobalSection
	GlobalSection(ProjectConfigurationPlatforms) = postSolution
		{384C2255-EDE8-4A22-9592-35397B702E1F}.Debug|Any CPU.ActiveCfg = Debug|Any CPU
		{384C2255-EDE8-4A22-9592-35397B702E1F}.Debug|Any CPU.Build.0 = Debug|Any CPU
		{384C2255-EDE8-4A22-9592-35397B702E1F}.Release|Any CPU.ActiveCfg = Release|Any CPU
		{384C2255-EDE8-4A22-9592-35397B702E1F}.Release|Any CPU.Build.0 = Release|Any CPU
	EndGlobalSection
	GlobalSection(SolutionProperties) = preSolution
		HideSolutionNode = FALSE
	EndGlobalSection
	GlobalSection(ExtensibilityGlobals) = postSolution
		SolutionGuid = {19C0AEFF-D3C4-4E77-B7D5-63DA065ABEDB}
	EndGlobalSection
EndGlobal
